
Microsoft Visual Studio Solution File, Format Version 12.00
# Visual Studio 2012
Project("{FAE04EC0-301F-11D3-BF4B-00C04F79EFBC}") = "FluentParsing", "FluentParsing\FluentParsing.csproj", "{E7104413-8E6E-40D3-83A0-FE0060C60564}"
EndProject
Project("{FAE04EC0-301F-11D3-BF4B-00C04F79EFBC}") = "FluentParsing.Specs", "..\FluentParsing.Specs\FluentParsing.Specs.csproj", "{6EF47B12-65A6-44AF-B805-E711557810F6}"
EndProject
Global
	GlobalSection(SolutionConfigurationPlatforms) = preSolution
		Debug|Any CPU = Debug|Any CPU
		Release|Any CPU = Release|Any CPU
	EndGlobalSection
	GlobalSection(ProjectConfigurationPlatforms) = postSolution
		{E7104413-8E6E-40D3-83A0-FE0060C60564}.Debug|Any CPU.ActiveCfg = Debug|Any CPU
		{E7104413-8E6E-40D3-83A0-FE0060C60564}.Debug|Any CPU.Build.0 = Debug|Any CPU
		{E7104413-8E6E-40D3-83A0-FE0060C60564}.Release|Any CPU.ActiveCfg = Release|Any CPU
		{E7104413-8E6E-40D3-83A0-FE0060C60564}.Release|Any CPU.Build.0 = Release|Any CPU
		{6EF47B12-65A6-44AF-B805-E711557810F6}.Debug|Any CPU.ActiveCfg = Debug|Any CPU
		{6EF47B12-65A6-44AF-B805-E711557810F6}.Debug|Any CPU.Build.0 = Debug|Any CPU
		{6EF47B12-65A6-44AF-B805-E711557810F6}.Release|Any CPU.ActiveCfg = Release|Any CPU
		{6EF47B12-65A6-44AF-B805-E711557810F6}.Release|Any CPU.Build.0 = Release|Any CPU
	EndGlobalSection
	GlobalSection(SolutionProperties) = preSolution
		HideSolutionNode = FALSE
	EndGlobalSection
EndGlobal
